
Microsoft Visual Studio Solution File, Format Version 12.00
# Visual Studio 15
VisualStudioVersion = 15.0.27703.2047
MinimumVisualStudioVersion = 10.0.40219.1
Project("{2150E333-8FDC-42A3-9474-1A3956D46DE8}") = "Creational", "Creational", "{6B419FD8-0655-4240-B141-C867BCF2E4E6}"
EndProject
Project("{2150E333-8FDC-42A3-9474-1A3956D46DE8}") = "Structural", "Structural", "{314C04F8-124C-49DB-B363-8D8C2CCD0FED}"
EndProject
Project("{2150E333-8FDC-42A3-9474-1A3956D46DE8}") = "Behavioral", "Behavioral", "{7122EC1E-0894-4B58-A396-09D484C38368}"
EndProject
Project("{9A19103F-16F7-4668-BE54-9A1E7A4F7556}") = "1-Strategy", "1-Strategy\1-Strategy.csproj", "{588A0D10-0DAC-4025-94AE-EAD770737571}"
EndProject
Project("{2150E333-8FDC-42A3-9474-1A3956D46DE8}") = "Strategy", "Strategy", "{43590AB5-9937-4300-880C-ADEF41411492}"
EndProject
Project("{9A19103F-16F7-4668-BE54-9A1E7A4F7556}") = "1-ChainOfResponsibility", "1-ChainOfResponsibility\1-ChainOfResponsibility.csproj", "{1C9BBCD0-C12F-4EC0-AAFF-A528BC3F97BC}"
EndProject
Project("{2150E333-8FDC-42A3-9474-1A3956D46DE8}") = "TempleteMethod", "TempleteMethod", "{99FCD956-C515-4F64-9C0D-CAD49E88C9CA}"
EndProject
Project("{9A19103F-16F7-4668-BE54-9A1E7A4F7556}") = "1-TempleteMethod", "1-TempleteMethod\1-TempleteMethod.csproj", "{131C9710-F09A-4E70-ADC4-66DE92A45219}"
EndProject
Project("{2150E333-8FDC-42A3-9474-1A3956D46DE8}") = "Decorator", "Decorator", "{E88EE06E-F1E2-4155-94E3-0D7BF32ADC50}"
EndProject
Project("{FAE04EC0-301F-11D3-BF4B-00C04F79EFBC}") = "1-Decorator", "1-Decorator\1-Decorator.csproj", "{F4211F67-5F43-4865-B7C1-A7BB06E7669E}"
EndProject
Global
	GlobalSection(SolutionConfigurationPlatforms) = preSolution
		Debug|Any CPU = Debug|Any CPU
		Release|Any CPU = Release|Any CPU
	EndGlobalSection
	GlobalSection(ProjectConfigurationPlatforms) = postSolution
		{588A0D10-0DAC-4025-94AE-EAD770737571}.Debug|Any CPU.ActiveCfg = Debug|Any CPU
		{588A0D10-0DAC-4025-94AE-EAD770737571}.Debug|Any CPU.Build.0 = Debug|Any CPU
		{588A0D10-0DAC-4025-94AE-EAD770737571}.Release|Any CPU.ActiveCfg = Release|Any CPU
		{588A0D10-0DAC-4025-94AE-EAD770737571}.Release|Any CPU.Build.0 = Release|Any CPU
		{1C9BBCD0-C12F-4EC0-AAFF-A528BC3F97BC}.Debug|Any CPU.ActiveCfg = Debug|Any CPU
		{1C9BBCD0-C12F-4EC0-AAFF-A528BC3F97BC}.Debug|Any CPU.Build.0 = Debug|Any CPU
		{1C9BBCD0-C12F-4EC0-AAFF-A528BC3F97BC}.Release|Any CPU.ActiveCfg = Release|Any CPU
		{1C9BBCD0-C12F-4EC0-AAFF-A528BC3F97BC}.Release|Any CPU.Build.0 = Release|Any CPU
		{131C9710-F09A-4E70-ADC4-66DE92A45219}.Debug|Any CPU.ActiveCfg = Debug|Any CPU
		{131C9710-F09A-4E70-ADC4-66DE92A45219}.Debug|Any CPU.Build.0 = Debug|Any CPU
		{131C9710-F09A-4E70-ADC4-66DE92A45219}.Release|Any CPU.ActiveCfg = Release|Any CPU
		{131C9710-F09A-4E70-ADC4-66DE92A45219}.Release|Any CPU.Build.0 = Release|Any CPU
		{F4211F67-5F43-4865-B7C1-A7BB06E7669E}.Debug|Any CPU.ActiveCfg = Debug|Any CPU
		{F4211F67-5F43-4865-B7C1-A7BB06E7669E}.Debug|Any CPU.Build.0 = Debug|Any CPU
		{F4211F67-5F43-4865-B7C1-A7BB06E7669E}.Release|Any CPU.ActiveCfg = Release|Any CPU
		{F4211F67-5F43-4865-B7C1-A7BB06E7669E}.Release|Any CPU.Build.0 = Release|Any CPU
	EndGlobalSection
	GlobalSection(SolutionProperties) = preSolution
		HideSolutionNode = FALSE
	EndGlobalSection
	GlobalSection(NestedProjects) = preSolution
		{588A0D10-0DAC-4025-94AE-EAD770737571} = {43590AB5-9937-4300-880C-ADEF41411492}
		{43590AB5-9937-4300-880C-ADEF41411492} = {7122EC1E-0894-4B58-A396-09D484C38368}
		{1C9BBCD0-C12F-4EC0-AAFF-A528BC3F97BC} = {314C04F8-124C-49DB-B363-8D8C2CCD0FED}
		{99FCD956-C515-4F64-9C0D-CAD49E88C9CA} = {7122EC1E-0894-4B58-A396-09D484C38368}
		{131C9710-F09A-4E70-ADC4-66DE92A45219} = {99FCD956-C515-4F64-9C0D-CAD49E88C9CA}
		{E88EE06E-F1E2-4155-94E3-0D7BF32ADC50} = {7122EC1E-0894-4B58-A396-09D484C38368}
		{F4211F67-5F43-4865-B7C1-A7BB06E7669E} = {E88EE06E-F1E2-4155-94E3-0D7BF32ADC50}
	EndGlobalSection
	GlobalSection(ExtensibilityGlobals) = postSolution
		SolutionGuid = {0F932390-21A9-46D7-AB3A-581AE34580EB}
	EndGlobalSection
EndGlobal
